// !$*UTF8*$!
{
	archiveVersion = 1;
	classes = {
	};
	objectVersion = 46;
	objects = {

/* Begin PBXAggregateTarget section */
		17AE918B851742D88404BE1C /* ALL_BUILD */ = {
			isa = PBXAggregateTarget;
			buildConfigurationList = 9F00E304065D4A4181CB9555 /* Build configuration list for PBXAggregateTarget "ALL_BUILD" */;
			buildPhases = (
				38B4C89377C64763A31408F8 /* CMake Rules */,
			);
			dependencies = (
				1E57074492074F88A8815727 /* PBXTargetDependency */,
				05AA2A69FFC44DC99712496A /* PBXTargetDependency */,
				B8749BAA1BC04BDBB9120241 /* PBXTargetDependency */,
			);
			name = ALL_BUILD;
			productName = ALL_BUILD;
		};
		CD048C6523AE4C01B381880B /* ZERO_CHECK */ = {
			isa = PBXAggregateTarget;
			buildConfigurationList = 191E72A6D77749618538400C /* Build configuration list for PBXAggregateTarget "ZERO_CHECK" */;
			buildPhases = (
				B30A8FE0A8B942B8805578F8 /* CMake Rules */,
			);
			dependencies = (
			);
			name = ZERO_CHECK;
			productName = ZERO_CHECK;
		};
/* End PBXAggregateTarget section */

/* Begin PBXBuildFile section */
		8ED4AD53ED3F4AE5AB23DA19 /* /common/workspaces/arduino/myLibraries/RGBColorFade/src/RGBColorFader.cpp */ = {isa = PBXBuildFile; fileRef = 1A648E0AC86F49FB8B40D8D4 /* /common/workspaces/arduino/myLibraries/RGBColorFade/src/RGBColorFader.cpp */; };
		B19C711146CE45B1A9B14D74 /* /common/workspaces/arduino/myLibraries/RGBColorFade/test/CMakeLists.txt */ = {isa = PBXBuildFile; fileRef = DBDA672112004A4CA5CEA3F7 /* /common/workspaces/arduino/myLibraries/RGBColorFade/test/CMakeLists.txt */; };
		C25A7979FB93404F9A3A7FDE /* /common/workspaces/arduino/myLibraries/RGBColorFade/src/CMakeLists.txt */ = {isa = PBXBuildFile; fileRef = 20E969D49D274318A91B5400 /* /common/workspaces/arduino/myLibraries/RGBColorFade/src/CMakeLists.txt */; };
		FC0FC9E0A8AD492A95FDDB9C /* /common/workspaces/arduino/myLibraries/RGBColorFade/test/TestColorFader.cpp */ = {isa = PBXBuildFile; fileRef = 38BE3420C93846059B6B3CBC /* /common/workspaces/arduino/myLibraries/RGBColorFade/test/TestColorFader.cpp */; };
/* End PBXBuildFile section */

/* Begin PBXBuildStyle section */
		0F108F20023646BBB53EF6F0 /* Debug */ = {
			isa = PBXBuildStyle;
			buildSettings = {
				COPY_PHASE_STRIP = NO;
			};
			name = Debug;
		};
		1D24E1477CCC42278BB6340A = {
			isa = PBXBuildStyle;
		};
		264F602751ED4A88B09E3CBF /* RelWithDebInfo */ = {
			isa = PBXBuildStyle;
			buildSettings = {
				COPY_PHASE_STRIP = NO;
			};
			name = RelWithDebInfo;
		};
		52C37F85CA2D4DE4A4C5521E /* MinSizeRel */ = {
			isa = PBXBuildStyle;
			buildSettings = {
				COPY_PHASE_STRIP = NO;
			};
			name = MinSizeRel;
		};
		7D959960B26A465BAEC7A431 /* Release */ = {
			isa = PBXBuildStyle;
			buildSettings = {
				COPY_PHASE_STRIP = NO;
			};
			name = Release;
		};
/* End PBXBuildStyle section */

/* Begin PBXContainerItemProxy section */
		2A4B7D62B2D3448A88D096FB /* PBXContainerItemProxy */ = {
			isa = PBXContainerItemProxy;
			containerPortal = 7CDF0109D5494EA09B8B27B5 /* Project object */;
			proxyType = 1;
			remoteGlobalIDString = B02341524F9F475C87C2DF96;
			remoteInfo = RGBColorFade;
		};
		2AC242F5361A493B8DD134C6 /* PBXContainerItemProxy */ = {
			isa = PBXContainerItemProxy;
			containerPortal = 7CDF0109D5494EA09B8B27B5 /* Project object */;
			proxyType = 1;
			remoteGlobalIDString = CD048C6523AE4C01B381880B;
			remoteInfo = ZERO_CHECK;
		};
		41EC8FA6E6E24C869435C004 /* PBXContainerItemProxy */ = {
			isa = PBXContainerItemProxy;
			containerPortal = 7CDF0109D5494EA09B8B27B5 /* Project object */;
			proxyType = 1;
			remoteGlobalIDString = CD048C6523AE4C01B381880B;
			remoteInfo = ZERO_CHECK;
		};
		947DECDF087D47439DFE6331 /* PBXContainerItemProxy */ = {
			isa = PBXContainerItemProxy;
			containerPortal = 7CDF0109D5494EA09B8B27B5 /* Project object */;
			proxyType = 1;
			remoteGlobalIDString = CD048C6523AE4C01B381880B;
			remoteInfo = ZERO_CHECK;
		};
		96EF32B2940B40B29022C4CE /* PBXContainerItemProxy */ = {
			isa = PBXContainerItemProxy;
			containerPortal = 7CDF0109D5494EA09B8B27B5 /* Project object */;
			proxyType = 1;
			remoteGlobalIDString = B04DD1A4429F49E7845CEA19;
			remoteInfo = faderTests;
		};
		E5C95739C89D45339782F63A /* PBXContainerItemProxy */ = {
			isa = PBXContainerItemProxy;
			containerPortal = 7CDF0109D5494EA09B8B27B5 /* Project object */;
			proxyType = 1;
			remoteGlobalIDString = B02341524F9F475C87C2DF96;
			remoteInfo = RGBColorFade;
		};
/* End PBXContainerItemProxy section */

/* Begin PBXFileReference section */
		1A648E0AC86F49FB8B40D8D4 /* /common/workspaces/arduino/myLibraries/RGBColorFade/src/RGBColorFader.cpp */ = {isa = PBXFileReference; explicitFileType = sourcecode.cpp.cpp; fileEncoding = 4; name = RGBColorFader.cpp; path = src/RGBColorFader.cpp; sourceTree = SOURCE_ROOT; };
		20E969D49D274318A91B5400 /* /common/workspaces/arduino/myLibraries/RGBColorFade/src/CMakeLists.txt */ = {isa = PBXFileReference; explicitFileType = sourcecode.text; fileEncoding = 4; name = CMakeLists.txt; path = src/CMakeLists.txt; sourceTree = SOURCE_ROOT; };
		38BE3420C93846059B6B3CBC /* /common/workspaces/arduino/myLibraries/RGBColorFade/test/TestColorFader.cpp */ = {isa = PBXFileReference; explicitFileType = sourcecode.cpp.cpp; fileEncoding = 4; name = TestColorFader.cpp; path = test/TestColorFader.cpp; sourceTree = SOURCE_ROOT; };
		5B4C1074647A4E319ACF2409 /* faderTests */ = {isa = PBXFileReference; explicitFileType = "compiled.mach-o.executable"; path = faderTests; sourceTree = BUILT_PRODUCTS_DIR; };
		7B611CBF462D4E8294A71FBD /* /common/workspaces/arduino/myLibraries/RGBColorFade/CMakeLists.txt */ = {isa = PBXFileReference; explicitFileType = sourcecode.text; fileEncoding = 4; name = CMakeLists.txt; path = CMakeLists.txt; sourceTree = SOURCE_ROOT; };
		7E68B5AC6E3244C9BC5C2AD0 /* RGBColorFade */ = {isa = PBXFileReference; explicitFileType = archive.ar; path = libRGBColorFade.a; sourceTree = BUILT_PRODUCTS_DIR; };
		CFA4EDD0A0FA44DFBB5E2E15 /* /common/workspaces/arduino/myLibraries/RGBColorFade/CMakeLists.txt */ = {isa = PBXFileReference; explicitFileType = sourcecode.text; fileEncoding = 4; name = CMakeLists.txt; path = CMakeLists.txt; sourceTree = SOURCE_ROOT; };
		DBDA672112004A4CA5CEA3F7 /* /common/workspaces/arduino/myLibraries/RGBColorFade/test/CMakeLists.txt */ = {isa = PBXFileReference; explicitFileType = sourcecode.text; fileEncoding = 4; name = CMakeLists.txt; path = test/CMakeLists.txt; sourceTree = SOURCE_ROOT; };
/* End PBXFileReference section */

/* Begin PBXGroup section */
		57B67400B10A4998842D76CA /* ZERO_CHECK */ = {
			isa = PBXGroup;
			children = (
				A30CD3BF6D2E48CE8990221C /* CMake Rules */,
				CFA4EDD0A0FA44DFBB5E2E15 /* /common/workspaces/arduino/myLibraries/RGBColorFade/CMakeLists.txt */,
			);
			name = ZERO_CHECK;
			sourceTree = "<group>";
		};
		5C83086CBF094B09B3CBE1B6 /* Sources */ = {
			isa = PBXGroup;
			children = (
				690BC7D060CE445D9DCE8E8F /* ALL_BUILD */,
				57B67400B10A4998842D76CA /* ZERO_CHECK */,
				69256AF459F3414F9B684F9A /* RGBColorFade */,
				A62028E08D644686B9915F77 /* faderTests */,
			);
			name = Sources;
			sourceTree = "<group>";
		};
		690BC7D060CE445D9DCE8E8F /* ALL_BUILD */ = {
			isa = PBXGroup;
			children = (
				BE9C899AC8F94DC6A05DB4D9 /* CMake Rules */,
				7B611CBF462D4E8294A71FBD /* /common/workspaces/arduino/myLibraries/RGBColorFade/CMakeLists.txt */,
			);
			name = ALL_BUILD;
			sourceTree = "<group>";
		};
		69256AF459F3414F9B684F9A /* RGBColorFade */ = {
			isa = PBXGroup;
			children = (
				E683A3AD16AE4057B6D9F6D9 /* Source Files */,
				20E969D49D274318A91B5400 /* /common/workspaces/arduino/myLibraries/RGBColorFade/src/CMakeLists.txt */,
			);
			name = RGBColorFade;
			sourceTree = "<group>";
		};
		8CEDCD49DBCE41F397C37051 = {
			isa = PBXGroup;
			children = (
				5C83086CBF094B09B3CBE1B6 /* Sources */,
				9062516121A240D2A95DF322 /* Resources */,
				994A8368D3B4466BA56F68F1 /* Products */,
			);
			sourceTree = "<group>";
		};
		9062516121A240D2A95DF322 /* Resources */ = {
			isa = PBXGroup;
			children = (
			);
			name = Resources;
			sourceTree = "<group>";
		};
		994A8368D3B4466BA56F68F1 /* Products */ = {
			isa = PBXGroup;
			children = (
				7E68B5AC6E3244C9BC5C2AD0 /* RGBColorFade */,
				5B4C1074647A4E319ACF2409 /* faderTests */,
			);
			name = Products;
			sourceTree = "<group>";
		};
		A30CD3BF6D2E48CE8990221C /* CMake Rules */ = {
			isa = PBXGroup;
			children = (
			);
			name = "CMake Rules";
			sourceTree = "<group>";
		};
		A62028E08D644686B9915F77 /* faderTests */ = {
			isa = PBXGroup;
			children = (
				D603036736C54B7E8D40358C /* Source Files */,
				DBDA672112004A4CA5CEA3F7 /* /common/workspaces/arduino/myLibraries/RGBColorFade/test/CMakeLists.txt */,
			);
			name = faderTests;
			sourceTree = "<group>";
		};
		BE9C899AC8F94DC6A05DB4D9 /* CMake Rules */ = {
			isa = PBXGroup;
			children = (
			);
			name = "CMake Rules";
			sourceTree = "<group>";
		};
		D603036736C54B7E8D40358C /* Source Files */ = {
			isa = PBXGroup;
			children = (
				38BE3420C93846059B6B3CBC /* /common/workspaces/arduino/myLibraries/RGBColorFade/test/TestColorFader.cpp */,
			);
			name = "Source Files";
			sourceTree = "<group>";
		};
		E683A3AD16AE4057B6D9F6D9 /* Source Files */ = {
			isa = PBXGroup;
			children = (
				1A648E0AC86F49FB8B40D8D4 /* /common/workspaces/arduino/myLibraries/RGBColorFade/src/RGBColorFader.cpp */,
			);
			name = "Source Files";
			sourceTree = "<group>";
		};
/* End PBXGroup section */

/* Begin PBXNativeTarget section */
		B02341524F9F475C87C2DF96 /* RGBColorFade */ = {
			isa = PBXNativeTarget;
			buildConfigurationList = 8131F370FC954F7AA0B23489 /* Build configuration list for PBXNativeTarget "RGBColorFade" */;
			buildPhases = (
				C27E23ECFC034F52B872C8E2 /* Sources */,
			);
			buildRules = (
			);
			dependencies = (
				7010C6DD454E4330817BFF73 /* PBXTargetDependency */,
			);
			name = RGBColorFade;
			productName = RGBColorFade;
			productReference = 7E68B5AC6E3244C9BC5C2AD0 /* RGBColorFade */;
			productType = "com.apple.product-type.library.static";
		};
		B04DD1A4429F49E7845CEA19 /* faderTests */ = {
			isa = PBXNativeTarget;
			buildConfigurationList = 7F61170769DA4C14B51DD189 /* Build configuration list for PBXNativeTarget "faderTests" */;
			buildPhases = (
				86C637502104469FBBF44801 /* Sources */,
			);
			buildRules = (
			);
			dependencies = (
				CECC2A4B6D4F4658920560C9 /* PBXTargetDependency */,
				AC3E4CBBE954482F9765879F /* PBXTargetDependency */,
			);
			name = faderTests;
			productName = faderTests;
			productReference = 5B4C1074647A4E319ACF2409 /* faderTests */;
			productType = "com.apple.product-type.tool";
		};
/* End PBXNativeTarget section */

/* Begin PBXProject section */
		7CDF0109D5494EA09B8B27B5 /* Project object */ = {
			isa = PBXProject;
			attributes = {
				BuildIndependentTargetsInParallel = YES;
				LastUpgradeCheck = 0820;
			};
			buildConfigurationList = D916CCF42DE54F9EA6139B11 /* Build configuration list for PBXProject "RGBColorFade" */;
			buildSettings = {
			};
			buildStyles = (
				0F108F20023646BBB53EF6F0 /* Debug */,
				7D959960B26A465BAEC7A431 /* Release */,
				52C37F85CA2D4DE4A4C5521E /* MinSizeRel */,
				264F602751ED4A88B09E3CBF /* RelWithDebInfo */,
			);
			compatibilityVersion = "Xcode 3.2";
			hasScannedForEncodings = 0;
			mainGroup = 8CEDCD49DBCE41F397C37051;
			projectDirPath = RGBColorFade;
			projectRoot = "";
			targets = (
				17AE918B851742D88404BE1C /* ALL_BUILD */,
				CD048C6523AE4C01B381880B /* ZERO_CHECK */,
				B02341524F9F475C87C2DF96 /* RGBColorFade */,
				B04DD1A4429F49E7845CEA19 /* faderTests */,
			);
		};
/* End PBXProject section */

/* Begin PBXShellScriptBuildPhase section */
		38B4C89377C64763A31408F8 /* CMake Rules */ = {
			isa = PBXShellScriptBuildPhase;
			buildActionMask = 2147483647;
			files = (
			);
			name = "CMake Rules";
			runOnlyForDeploymentPostprocessing = 0;
			shellPath = /bin/sh;
			shellScript = "make -C /common/workspaces/arduino/myLibraries -f /common/workspaces/arduino/myLibraries/CMakeScripts/ALL_BUILD_cmakeRulesBuildPhase.make$CONFIGURATION all";
			showEnvVarsInLog = 0;
		};
		4C8B945A068A4DAAA1D01430 = {
			isa = PBXShellScriptBuildPhase;
			buildActionMask = 2147483647;
			files = (
			);
			inputPaths = (
			);
			outputPaths = (
			);
			runOnlyForDeploymentPostprocessing = 0;
			shellPath = /bin/sh;
			shellScript = "# shell script goes here
exit 0";
			showEnvVarsInLog = 0;
		};
		B30A8FE0A8B942B8805578F8 /* CMake Rules */ = {
			isa = PBXShellScriptBuildPhase;
			buildActionMask = 2147483647;
			files = (
			);
			name = "CMake Rules";
			runOnlyForDeploymentPostprocessing = 0;
			shellPath = /bin/sh;
			shellScript = "make -C /common/workspaces/arduino/myLibraries -f /common/workspaces/arduino/myLibraries/CMakeScripts/ZERO_CHECK_cmakeRulesBuildPhase.make$CONFIGURATION all";
			showEnvVarsInLog = 0;
		};
		FB474B5920AB47019E796C12 = {
			isa = PBXShellScriptBuildPhase;
			buildActionMask = 2147483647;
			files = (
			);
			inputPaths = (
			);
			outputPaths = (
			);
			runOnlyForDeploymentPostprocessing = 0;
			shellPath = /bin/sh;
			shellScript = "# shell script goes here
exit 0";
			showEnvVarsInLog = 0;
		};
/* End PBXShellScriptBuildPhase section */

/* Begin PBXSourcesBuildPhase section */
		86C637502104469FBBF44801 /* Sources */ = {
			isa = PBXSourcesBuildPhase;
			buildActionMask = 2147483647;
			files = (
				FC0FC9E0A8AD492A95FDDB9C /* /common/workspaces/arduino/myLibraries/RGBColorFade/test/TestColorFader.cpp */,
			);
			runOnlyForDeploymentPostprocessing = 0;
		};
		C27E23ECFC034F52B872C8E2 /* Sources */ = {
			isa = PBXSourcesBuildPhase;
			buildActionMask = 2147483647;
			files = (
				8ED4AD53ED3F4AE5AB23DA19 /* /common/workspaces/arduino/myLibraries/RGBColorFade/src/RGBColorFader.cpp */,
			);
			runOnlyForDeploymentPostprocessing = 0;
		};
/* End PBXSourcesBuildPhase section */

/* Begin PBXTargetDependency section */
		05AA2A69FFC44DC99712496A /* PBXTargetDependency */ = {
			isa = PBXTargetDependency;
			target = B02341524F9F475C87C2DF96 /* RGBColorFade */;
			targetProxy = E5C95739C89D45339782F63A /* PBXContainerItemProxy */;
		};
		1E57074492074F88A8815727 /* PBXTargetDependency */ = {
			isa = PBXTargetDependency;
			target = CD048C6523AE4C01B381880B /* ZERO_CHECK */;
			targetProxy = 2AC242F5361A493B8DD134C6 /* PBXContainerItemProxy */;
		};
		7010C6DD454E4330817BFF73 /* PBXTargetDependency */ = {
			isa = PBXTargetDependency;
			target = CD048C6523AE4C01B381880B /* ZERO_CHECK */;
			targetProxy = 41EC8FA6E6E24C869435C004 /* PBXContainerItemProxy */;
		};
		AC3E4CBBE954482F9765879F /* PBXTargetDependency */ = {
			isa = PBXTargetDependency;
			target = B02341524F9F475C87C2DF96 /* RGBColorFade */;
			targetProxy = 2A4B7D62B2D3448A88D096FB /* PBXContainerItemProxy */;
		};
		B8749BAA1BC04BDBB9120241 /* PBXTargetDependency */ = {
			isa = PBXTargetDependency;
			target = B04DD1A4429F49E7845CEA19 /* faderTests */;
			targetProxy = 96EF32B2940B40B29022C4CE /* PBXContainerItemProxy */;
		};
		CECC2A4B6D4F4658920560C9 /* PBXTargetDependency */ = {
			isa = PBXTargetDependency;
			target = CD048C6523AE4C01B381880B /* ZERO_CHECK */;
			targetProxy = 947DECDF087D47439DFE6331 /* PBXContainerItemProxy */;
		};
/* End PBXTargetDependency section */

/* Begin XCBuildConfiguration section */
		0E63C696A05545CB8A2BF44D /* MinSizeRel */ = {
			isa = XCBuildConfiguration;
			buildSettings = {
				COMBINE_HIDPI_IMAGES = YES;
				EXECUTABLE_PREFIX = lib;
				EXECUTABLE_SUFFIX = .a;
				GCC_GENERATE_DEBUGGING_SYMBOLS = NO;
				GCC_INLINES_ARE_PRIVATE_EXTERN = NO;
				GCC_OPTIMIZATION_LEVEL = s;
				GCC_PREPROCESSOR_DEFINITIONS = ("'CMAKE_INTDIR=\"$(CONFIGURATION)$(EFFECTIVE_PLATFORM_NAME)\"'");
				GCC_SYMBOLS_PRIVATE_EXTERN = NO;
				INSTALL_PATH = "";
				LIBRARY_STYLE = STATIC;
				OTHER_CPLUSPLUSFLAGS = "    -DNDEBUG  ";
				OTHER_LIBTOOLFLAGS = " ";
				OTHER_REZFLAGS = "";
				PRODUCT_NAME = RGBColorFade;
				SECTORDER_FLAGS = "";
				SYMROOT = /common/workspaces/arduino/myLibraries/src;
				USE_HEADERMAP = NO;
				WARNING_CFLAGS = ("-Wmost","-Wno-four-char-constants","-Wno-unknown-pragmas","$(inherited)");
			};
			name = MinSizeRel;
		};
		2C8E4F8A6E61479CB9948775 /* Release */ = {
			isa = XCBuildConfiguration;
			buildSettings = {
				COMBINE_HIDPI_IMAGES = YES;
				EXECUTABLE_PREFIX = lib;
				EXECUTABLE_SUFFIX = .a;
				GCC_GENERATE_DEBUGGING_SYMBOLS = NO;
				GCC_INLINES_ARE_PRIVATE_EXTERN = NO;
				GCC_OPTIMIZATION_LEVEL = 3;
				GCC_PREPROCESSOR_DEFINITIONS = ("'CMAKE_INTDIR=\"$(CONFIGURATION)$(EFFECTIVE_PLATFORM_NAME)\"'");
				GCC_SYMBOLS_PRIVATE_EXTERN = NO;
				INSTALL_PATH = "";
				LIBRARY_STYLE = STATIC;
				OTHER_CPLUSPLUSFLAGS = "    -DNDEBUG  ";
				OTHER_LIBTOOLFLAGS = " ";
				OTHER_REZFLAGS = "";
				PRODUCT_NAME = RGBColorFade;
				SECTORDER_FLAGS = "";
				SYMROOT = /common/workspaces/arduino/myLibraries/src;
				USE_HEADERMAP = NO;
				WARNING_CFLAGS = ("-Wmost","-Wno-four-char-constants","-Wno-unknown-pragmas","$(inherited)");
			};
			name = Release;
		};
		2D75B47D76AF40C98277A615 /* RelWithDebInfo */ = {
			isa = XCBuildConfiguration;
			buildSettings = {
				COMBINE_HIDPI_IMAGES = YES;
				GCC_GENERATE_DEBUGGING_SYMBOLS = YES;
				GCC_INLINES_ARE_PRIVATE_EXTERN = NO;
				GCC_OPTIMIZATION_LEVEL = 0;
				GCC_PREPROCESSOR_DEFINITIONS = ("'CMAKE_INTDIR=\"$(CONFIGURATION)$(EFFECTIVE_PLATFORM_NAME)\"'");
				GCC_SYMBOLS_PRIVATE_EXTERN = NO;
				INSTALL_PATH = "";
				OTHER_LDFLAGS = " ";
				OTHER_REZFLAGS = "";
				PRODUCT_NAME = ALL_BUILD;
				SECTORDER_FLAGS = "";
				SYMROOT = /common/workspaces/arduino/myLibraries;
				USE_HEADERMAP = NO;
				WARNING_CFLAGS = ("-Wmost","-Wno-four-char-constants","-Wno-unknown-pragmas","$(inherited)");
			};
			name = RelWithDebInfo;
		};
		31823F59EA4B4D25B05D93E9 /* RelWithDebInfo */ = {
			isa = XCBuildConfiguration;
			buildSettings = {
				ONLY_ACTIVE_ARCH = YES;
				SDKROOT = /Library/Developer/CommandLineTools/SDKs/MacOSX10.12.sdk;
				SYMROOT = /common/workspaces/arduino/myLibraries/build;
			};
			name = RelWithDebInfo;
		};
		361B1257689940B6999DC759 /* MinSizeRel */ = {
			isa = XCBuildConfiguration;
			buildSettings = {
				COMBINE_HIDPI_IMAGES = YES;
				EXECUTABLE_PREFIX = "";
				EXECUTABLE_SUFFIX = "";
				GCC_GENERATE_DEBUGGING_SYMBOLS = NO;
				GCC_INLINES_ARE_PRIVATE_EXTERN = NO;
				GCC_OPTIMIZATION_LEVEL = s;
				GCC_PREPROCESSOR_DEFINITIONS = ("'CMAKE_INTDIR=\"$(CONFIGURATION)$(EFFECTIVE_PLATFORM_NAME)\"'");
				GCC_SYMBOLS_PRIVATE_EXTERN = NO;
				INSTALL_PATH = "";
				LIBRARY_SEARCH_PATHS = "";
				OTHER_CPLUSPLUSFLAGS = "    -DNDEBUG  ";
				OTHER_LDFLAGS = " -Wl,-search_paths_first -Wl,-headerpad_max_install_names  /common/workspaces/arduino/myLibraries/src/MinSizeRel/libRGBColorFade.a";
				OTHER_REZFLAGS = "";
				PRODUCT_NAME = faderTests;
				SECTORDER_FLAGS = "";
				SYMROOT = /common/workspaces/arduino/myLibraries/test;
				USE_HEADERMAP = NO;
				WARNING_CFLAGS = ("-Wmost","-Wno-four-char-constants","-Wno-unknown-pragmas","$(inherited)");
			};
			name = MinSizeRel;
		};
		3EE1EC179E30431E87A5B494 /* Debug */ = {
			isa = XCBuildConfiguration;
			buildSettings = {
				COMBINE_HIDPI_IMAGES = YES;
				EXECUTABLE_PREFIX = lib;
				EXECUTABLE_SUFFIX = .a;
				GCC_GENERATE_DEBUGGING_SYMBOLS = YES;
				GCC_INLINES_ARE_PRIVATE_EXTERN = NO;
				GCC_OPTIMIZATION_LEVEL = 0;
				GCC_PREPROCESSOR_DEFINITIONS = ("'CMAKE_INTDIR=\"$(CONFIGURATION)$(EFFECTIVE_PLATFORM_NAME)\"'");
				GCC_SYMBOLS_PRIVATE_EXTERN = NO;
				INSTALL_PATH = "";
				LIBRARY_STYLE = STATIC;
				OTHER_CPLUSPLUSFLAGS = "    ";
				OTHER_LIBTOOLFLAGS = " ";
				OTHER_REZFLAGS = "";
				PRODUCT_NAME = RGBColorFade;
				SECTORDER_FLAGS = "";
				SYMROOT = /common/workspaces/arduino/myLibraries/src;
				USE_HEADERMAP = NO;
				WARNING_CFLAGS = ("-Wmost","-Wno-four-char-constants","-Wno-unknown-pragmas","$(inherited)");
			};
			name = Debug;
		};
		4189E75625D640C7A5B585DC /* RelWithDebInfo */ = {
			isa = XCBuildConfiguration;
			buildSettings = {
				COMBINE_HIDPI_IMAGES = YES;
				EXECUTABLE_PREFIX = lib;
				EXECUTABLE_SUFFIX = .a;
				GCC_GENERATE_DEBUGGING_SYMBOLS = YES;
				GCC_INLINES_ARE_PRIVATE_EXTERN = NO;
				GCC_OPTIMIZATION_LEVEL = 2;
				GCC_PREPROCESSOR_DEFINITIONS = ("'CMAKE_INTDIR=\"$(CONFIGURATION)$(EFFECTIVE_PLATFORM_NAME)\"'");
				GCC_SYMBOLS_PRIVATE_EXTERN = NO;
				INSTALL_PATH = "";
				LIBRARY_STYLE = STATIC;
				OTHER_CPLUSPLUSFLAGS = "       -DNDEBUG  ";
				OTHER_LIBTOOLFLAGS = " ";
				OTHER_REZFLAGS = "";
				PRODUCT_NAME = RGBColorFade;
				SECTORDER_FLAGS = "";
				SYMROOT = /common/workspaces/arduino/myLibraries/src;
				USE_HEADERMAP = NO;
				WARNING_CFLAGS = ("-Wmost","-Wno-four-char-constants","-Wno-unknown-pragmas","$(inherited)");
			};
			name = RelWithDebInfo;
		};
		4736BD55D0D24384AD07D524 /* MinSizeRel */ = {
			isa = XCBuildConfiguration;
			buildSettings = {
				COMBINE_HIDPI_IMAGES = YES;
				GCC_GENERATE_DEBUGGING_SYMBOLS = YES;
				GCC_INLINES_ARE_PRIVATE_EXTERN = NO;
				GCC_OPTIMIZATION_LEVEL = 0;
				GCC_PREPROCESSOR_DEFINITIONS = ("'CMAKE_INTDIR=\"$(CONFIGURATION)$(EFFECTIVE_PLATFORM_NAME)\"'");
				GCC_SYMBOLS_PRIVATE_EXTERN = NO;
				INSTALL_PATH = "";
				OTHER_LDFLAGS = " ";
				OTHER_REZFLAGS = "";
				PRODUCT_NAME = ZERO_CHECK;
				SECTORDER_FLAGS = "";
				SYMROOT = /common/workspaces/arduino/myLibraries;
				USE_HEADERMAP = NO;
				WARNING_CFLAGS = ("-Wmost","-Wno-four-char-constants","-Wno-unknown-pragmas","$(inherited)");
			};
			name = MinSizeRel;
		};
		55DC2B524FAC4EF89C057E76 /* MinSizeRel */ = {
			isa = XCBuildConfiguration;
			buildSettings = {
				ONLY_ACTIVE_ARCH = YES;
				SDKROOT = /Library/Developer/CommandLineTools/SDKs/MacOSX10.12.sdk;
				SYMROOT = /common/workspaces/arduino/myLibraries/build;
			};
			name = MinSizeRel;
		};
		595489CE15574FA2B4D09239 /* RelWithDebInfo */ = {
			isa = XCBuildConfiguration;
			buildSettings = {
				COMBINE_HIDPI_IMAGES = YES;
				GCC_GENERATE_DEBUGGING_SYMBOLS = YES;
				GCC_INLINES_ARE_PRIVATE_EXTERN = NO;
				GCC_OPTIMIZATION_LEVEL = 0;
				GCC_PREPROCESSOR_DEFINITIONS = ("'CMAKE_INTDIR=\"$(CONFIGURATION)$(EFFECTIVE_PLATFORM_NAME)\"'");
				GCC_SYMBOLS_PRIVATE_EXTERN = NO;
				INSTALL_PATH = "";
				OTHER_LDFLAGS = " ";
				OTHER_REZFLAGS = "";
				PRODUCT_NAME = ZERO_CHECK;
				SECTORDER_FLAGS = "";
				SYMROOT = /common/workspaces/arduino/myLibraries;
				USE_HEADERMAP = NO;
				WARNING_CFLAGS = ("-Wmost","-Wno-four-char-constants","-Wno-unknown-pragmas","$(inherited)");
			};
			name = RelWithDebInfo;
		};
		6ADC333933F84D68A676C8AD /* RelWithDebInfo */ = {
			isa = XCBuildConfiguration;
			buildSettings = {
				COMBINE_HIDPI_IMAGES = YES;
				EXECUTABLE_PREFIX = "";
				EXECUTABLE_SUFFIX = "";
				GCC_GENERATE_DEBUGGING_SYMBOLS = YES;
				GCC_INLINES_ARE_PRIVATE_EXTERN = NO;
				GCC_OPTIMIZATION_LEVEL = 2;
				GCC_PREPROCESSOR_DEFINITIONS = ("'CMAKE_INTDIR=\"$(CONFIGURATION)$(EFFECTIVE_PLATFORM_NAME)\"'");
				GCC_SYMBOLS_PRIVATE_EXTERN = NO;
				INSTALL_PATH = "";
				LIBRARY_SEARCH_PATHS = "";
				OTHER_CPLUSPLUSFLAGS = "       -DNDEBUG  ";
				OTHER_LDFLAGS = " -Wl,-search_paths_first -Wl,-headerpad_max_install_names  /common/workspaces/arduino/myLibraries/src/RelWithDebInfo/libRGBColorFade.a";
				OTHER_REZFLAGS = "";
				PRODUCT_NAME = faderTests;
				SECTORDER_FLAGS = "";
				SYMROOT = /common/workspaces/arduino/myLibraries/test;
				USE_HEADERMAP = NO;
				WARNING_CFLAGS = ("-Wmost","-Wno-four-char-constants","-Wno-unknown-pragmas","$(inherited)");
			};
			name = RelWithDebInfo;
		};
		72F5D917AE1D494FB074AB65 /* Debug */ = {
			isa = XCBuildConfiguration;
			buildSettings = {
				COMBINE_HIDPI_IMAGES = YES;
				GCC_GENERATE_DEBUGGING_SYMBOLS = YES;
				GCC_INLINES_ARE_PRIVATE_EXTERN = NO;
				GCC_OPTIMIZATION_LEVEL = 0;
				GCC_PREPROCESSOR_DEFINITIONS = ("'CMAKE_INTDIR=\"$(CONFIGURATION)$(EFFECTIVE_PLATFORM_NAME)\"'");
				GCC_SYMBOLS_PRIVATE_EXTERN = NO;
				INSTALL_PATH = "";
				OTHER_LDFLAGS = " ";
				OTHER_REZFLAGS = "";
				PRODUCT_NAME = ALL_BUILD;
				SECTORDER_FLAGS = "";
				SYMROOT = /common/workspaces/arduino/myLibraries;
				USE_HEADERMAP = NO;
				WARNING_CFLAGS = ("-Wmost","-Wno-four-char-constants","-Wno-unknown-pragmas","$(inherited)");
			};
			name = Debug;
		};
		73F2998F59774B8DB18F7720 /* Release */ = {
			isa = XCBuildConfiguration;
			buildSettings = {
				COMBINE_HIDPI_IMAGES = YES;
				EXECUTABLE_PREFIX = "";
				EXECUTABLE_SUFFIX = "";
				GCC_GENERATE_DEBUGGING_SYMBOLS = NO;
				GCC_INLINES_ARE_PRIVATE_EXTERN = NO;
				GCC_OPTIMIZATION_LEVEL = 3;
				GCC_PREPROCESSOR_DEFINITIONS = ("'CMAKE_INTDIR=\"$(CONFIGURATION)$(EFFECTIVE_PLATFORM_NAME)\"'");
				GCC_SYMBOLS_PRIVATE_EXTERN = NO;
				INSTALL_PATH = "";
				LIBRARY_SEARCH_PATHS = "";
				OTHER_CPLUSPLUSFLAGS = "    -DNDEBUG  ";
				OTHER_LDFLAGS = " -Wl,-search_paths_first -Wl,-headerpad_max_install_names  /common/workspaces/arduino/myLibraries/src/Release/libRGBColorFade.a";
				OTHER_REZFLAGS = "";
				PRODUCT_NAME = faderTests;
				SECTORDER_FLAGS = "";
				SYMROOT = /common/workspaces/arduino/myLibraries/test;
				USE_HEADERMAP = NO;
				WARNING_CFLAGS = ("-Wmost","-Wno-four-char-constants","-Wno-unknown-pragmas","$(inherited)");
			};
			name = Release;
		};
		A114CF3E67C74A75B76BC01F /* Release */ = {
			isa = XCBuildConfiguration;
			buildSettings = {
				COMBINE_HIDPI_IMAGES = YES;
				GCC_GENERATE_DEBUGGING_SYMBOLS = YES;
				GCC_INLINES_ARE_PRIVATE_EXTERN = NO;
				GCC_OPTIMIZATION_LEVEL = 0;
				GCC_PREPROCESSOR_DEFINITIONS = ("'CMAKE_INTDIR=\"$(CONFIGURATION)$(EFFECTIVE_PLATFORM_NAME)\"'");
				GCC_SYMBOLS_PRIVATE_EXTERN = NO;
				INSTALL_PATH = "";
				OTHER_LDFLAGS = " ";
				OTHER_REZFLAGS = "";
				PRODUCT_NAME = ZERO_CHECK;
				SECTORDER_FLAGS = "";
				SYMROOT = /common/workspaces/arduino/myLibraries;
				USE_HEADERMAP = NO;
				WARNING_CFLAGS = ("-Wmost","-Wno-four-char-constants","-Wno-unknown-pragmas","$(inherited)");
			};
			name = Release;
		};
		A81A0714EE9A4DF4AF52AEC7 /* Release */ = {
			isa = XCBuildConfiguration;
			buildSettings = {
				ONLY_ACTIVE_ARCH = YES;
				SDKROOT = /Library/Developer/CommandLineTools/SDKs/MacOSX10.12.sdk;
				SYMROOT = /common/workspaces/arduino/myLibraries/build;
			};
			name = Release;
		};
		B4A8887ED86346F792FD4909 /* Debug */ = {
			isa = XCBuildConfiguration;
			buildSettings = {
				COMBINE_HIDPI_IMAGES = YES;
				GCC_GENERATE_DEBUGGING_SYMBOLS = YES;
				GCC_INLINES_ARE_PRIVATE_EXTERN = NO;
				GCC_OPTIMIZATION_LEVEL = 0;
				GCC_PREPROCESSOR_DEFINITIONS = ("'CMAKE_INTDIR=\"$(CONFIGURATION)$(EFFECTIVE_PLATFORM_NAME)\"'");
				GCC_SYMBOLS_PRIVATE_EXTERN = NO;
				INSTALL_PATH = "";
				OTHER_LDFLAGS = " ";
				OTHER_REZFLAGS = "";
				PRODUCT_NAME = ZERO_CHECK;
				SECTORDER_FLAGS = "";
				SYMROOT = /common/workspaces/arduino/myLibraries;
				USE_HEADERMAP = NO;
				WARNING_CFLAGS = ("-Wmost","-Wno-four-char-constants","-Wno-unknown-pragmas","$(inherited)");
			};
			name = Debug;
		};
		B6C5C5A495CE4CFEB450FAEF /* Release */ = {
			isa = XCBuildConfiguration;
			buildSettings = {
				COMBINE_HIDPI_IMAGES = YES;
				GCC_GENERATE_DEBUGGING_SYMBOLS = YES;
				GCC_INLINES_ARE_PRIVATE_EXTERN = NO;
				GCC_OPTIMIZATION_LEVEL = 0;
				GCC_PREPROCESSOR_DEFINITIONS = ("'CMAKE_INTDIR=\"$(CONFIGURATION)$(EFFECTIVE_PLATFORM_NAME)\"'");
				GCC_SYMBOLS_PRIVATE_EXTERN = NO;
				INSTALL_PATH = "";
				OTHER_LDFLAGS = " ";
				OTHER_REZFLAGS = "";
				PRODUCT_NAME = ALL_BUILD;
				SECTORDER_FLAGS = "";
				SYMROOT = /common/workspaces/arduino/myLibraries;
				USE_HEADERMAP = NO;
				WARNING_CFLAGS = ("-Wmost","-Wno-four-char-constants","-Wno-unknown-pragmas","$(inherited)");
			};
			name = Release;
		};
		B95FE3EFB0E84C63BFEC3373 /* MinSizeRel */ = {
			isa = XCBuildConfiguration;
			buildSettings = {
				COMBINE_HIDPI_IMAGES = YES;
				GCC_GENERATE_DEBUGGING_SYMBOLS = YES;
				GCC_INLINES_ARE_PRIVATE_EXTERN = NO;
				GCC_OPTIMIZATION_LEVEL = 0;
				GCC_PREPROCESSOR_DEFINITIONS = ("'CMAKE_INTDIR=\"$(CONFIGURATION)$(EFFECTIVE_PLATFORM_NAME)\"'");
				GCC_SYMBOLS_PRIVATE_EXTERN = NO;
				INSTALL_PATH = "";
				OTHER_LDFLAGS = " ";
				OTHER_REZFLAGS = "";
				PRODUCT_NAME = ALL_BUILD;
				SECTORDER_FLAGS = "";
				SYMROOT = /common/workspaces/arduino/myLibraries;
				USE_HEADERMAP = NO;
				WARNING_CFLAGS = ("-Wmost","-Wno-four-char-constants","-Wno-unknown-pragmas","$(inherited)");
			};
			name = MinSizeRel;
		};
		E529E798D3FC431888B8B554 /* Debug */ = {
			isa = XCBuildConfiguration;
			buildSettings = {
				ONLY_ACTIVE_ARCH = YES;
				SDKROOT = /Library/Developer/CommandLineTools/SDKs/MacOSX10.12.sdk;
				SYMROOT = /common/workspaces/arduino/myLibraries/build;
			};
			name = Debug;
		};
		FEE682547B054DE19C06FBA3 /* Debug */ = {
			isa = XCBuildConfiguration;
			buildSettings = {
				COMBINE_HIDPI_IMAGES = YES;
				EXECUTABLE_PREFIX = "";
				EXECUTABLE_SUFFIX = "";
				GCC_GENERATE_DEBUGGING_SYMBOLS = YES;
				GCC_INLINES_ARE_PRIVATE_EXTERN = NO;
				GCC_OPTIMIZATION_LEVEL = 0;
				GCC_PREPROCESSOR_DEFINITIONS = ("'CMAKE_INTDIR=\"$(CONFIGURATION)$(EFFECTIVE_PLATFORM_NAME)\"'");
				GCC_SYMBOLS_PRIVATE_EXTERN = NO;
				INSTALL_PATH = "";
				LIBRARY_SEARCH_PATHS = "";
				OTHER_CPLUSPLUSFLAGS = "    ";
				OTHER_LDFLAGS = " -Wl,-search_paths_first -Wl,-headerpad_max_install_names  /common/workspaces/arduino/myLibraries/src/Debug/libRGBColorFade.a";
				OTHER_REZFLAGS = "";
				PRODUCT_NAME = faderTests;
				SECTORDER_FLAGS = "";
				SYMROOT = /common/workspaces/arduino/myLibraries/test;
				USE_HEADERMAP = NO;
				WARNING_CFLAGS = ("-Wmost","-Wno-four-char-constants","-Wno-unknown-pragmas","$(inherited)");
			};
			name = Debug;
		};
/* End XCBuildConfiguration section */

/* Begin XCConfigurationList section */
		191E72A6D77749618538400C /* Build configuration list for PBXAggregateTarget "ZERO_CHECK" */ = {
			isa = XCConfigurationList;
			buildConfigurations = (
				B4A8887ED86346F792FD4909 /* Debug */,
				A114CF3E67C74A75B76BC01F /* Release */,
				4736BD55D0D24384AD07D524 /* MinSizeRel */,
				595489CE15574FA2B4D09239 /* RelWithDebInfo */,
			);
			defaultConfigurationIsVisible = 0;
			defaultConfigurationName = Debug;
		};
		7F61170769DA4C14B51DD189 /* Build configuration list for PBXNativeTarget "faderTests" */ = {
			isa = XCConfigurationList;
			buildConfigurations = (
				FEE682547B054DE19C06FBA3 /* Debug */,
				73F2998F59774B8DB18F7720 /* Release */,
				361B1257689940B6999DC759 /* MinSizeRel */,
				6ADC333933F84D68A676C8AD /* RelWithDebInfo */,
			);
			defaultConfigurationIsVisible = 0;
			defaultConfigurationName = Debug;
		};
		8131F370FC954F7AA0B23489 /* Build configuration list for PBXNativeTarget "RGBColorFade" */ = {
			isa = XCConfigurationList;
			buildConfigurations = (
				3EE1EC179E30431E87A5B494 /* Debug */,
				2C8E4F8A6E61479CB9948775 /* Release */,
				0E63C696A05545CB8A2BF44D /* MinSizeRel */,
				4189E75625D640C7A5B585DC /* RelWithDebInfo */,
			);
			defaultConfigurationIsVisible = 0;
			defaultConfigurationName = Debug;
		};
		9F00E304065D4A4181CB9555 /* Build configuration list for PBXAggregateTarget "ALL_BUILD" */ = {
			isa = XCConfigurationList;
			buildConfigurations = (
				72F5D917AE1D494FB074AB65 /* Debug */,
				B6C5C5A495CE4CFEB450FAEF /* Release */,
				B95FE3EFB0E84C63BFEC3373 /* MinSizeRel */,
				2D75B47D76AF40C98277A615 /* RelWithDebInfo */,
			);
			defaultConfigurationIsVisible = 0;
			defaultConfigurationName = Debug;
		};
		D916CCF42DE54F9EA6139B11 /* Build configuration list for PBXProject "RGBColorFade" */ = {
			isa = XCConfigurationList;
			buildConfigurations = (
				E529E798D3FC431888B8B554 /* Debug */,
				A81A0714EE9A4DF4AF52AEC7 /* Release */,
				55DC2B524FAC4EF89C057E76 /* MinSizeRel */,
				31823F59EA4B4D25B05D93E9 /* RelWithDebInfo */,
			);
			defaultConfigurationIsVisible = 0;
			defaultConfigurationName = Debug;
		};
/* End XCConfigurationList section */
	};
	rootObject = 7CDF0109D5494EA09B8B27B5 /* Project object */;
}
