// !$*UTF8*$!
{
	archiveVersion = 1;
	classes = {
	};
	objectVersion = 46;
	objects = {

/* Begin PBXAggregateTarget section */
		17AE918B851742D88404BE1C /* ALL_BUILD */ = {
			isa = PBXAggregateTarget;
			buildConfigurationList = 29BA4B52D3994D77BA3DC066 /* Build configuration list for PBXAggregateTarget "ALL_BUILD" */;
			buildPhases = (
				82D8E31E72724D2AAEC4039E /* CMake Rules */,
			);
			dependencies = (
				3D3711225F18469F8E5C270A /* PBXTargetDependency */,
				F4DE0F4C8A1A47B69B9518E2 /* PBXTargetDependency */,
				07E8E58ECAF0419F91F7C8C9 /* PBXTargetDependency */,
			);
			name = ALL_BUILD;
			productName = ALL_BUILD;
		};
		CD048C6523AE4C01B381880B /* ZERO_CHECK */ = {
			isa = PBXAggregateTarget;
			buildConfigurationList = D71550FB26D3448CAD8DAE26 /* Build configuration list for PBXAggregateTarget "ZERO_CHECK" */;
			buildPhases = (
				97C979167FB44D9AB8825C13 /* CMake Rules */,
			);
			dependencies = (
			);
			name = ZERO_CHECK;
			productName = ZERO_CHECK;
		};
/* End PBXAggregateTarget section */

/* Begin PBXBuildFile section */
		2D9EF5BC1F004F4585BB5EBA /* /common/workspaces/arduino/myLibraries/RGBColorFade/test/CMakeLists.txt */ = {isa = PBXBuildFile; fileRef = 9A266A2F01E641D486EB0B54 /* /common/workspaces/arduino/myLibraries/RGBColorFade/test/CMakeLists.txt */; };
		859F2C6D9F7E40838C376173 /* /common/workspaces/arduino/myLibraries/RGBColorFade/test/TestColorFader.cpp */ = {isa = PBXBuildFile; fileRef = C08E34C7ED244438BD702A69 /* /common/workspaces/arduino/myLibraries/RGBColorFade/test/TestColorFader.cpp */; };
		8FB3F37BEB6E4BD4BC85482B /* /common/workspaces/arduino/myLibraries/RGBColorFade/src/RGBColorFader.cpp */ = {isa = PBXBuildFile; fileRef = DB66EB3894A34B2A8E114E29 /* /common/workspaces/arduino/myLibraries/RGBColorFade/src/RGBColorFader.cpp */; };
		90332E0F0CBA4A22902252BA /* /common/workspaces/arduino/myLibraries/RGBColorFade/src/CMakeLists.txt */ = {isa = PBXBuildFile; fileRef = F38B5F707349456AAF7796A7 /* /common/workspaces/arduino/myLibraries/RGBColorFade/src/CMakeLists.txt */; };
/* End PBXBuildFile section */

/* Begin PBXBuildStyle section */
		17133B5288654147880EB7E2 /* Debug */ = {
			isa = PBXBuildStyle;
			buildSettings = {
				COPY_PHASE_STRIP = NO;
			};
			name = Debug;
		};
		19DE00728F3644408FDA8B83 = {
			isa = PBXBuildStyle;
		};
		9D91FECFC3F7423786ED7D29 /* MinSizeRel */ = {
			isa = PBXBuildStyle;
			buildSettings = {
				COPY_PHASE_STRIP = NO;
			};
			name = MinSizeRel;
		};
		BEC16502D3B94E128394FA51 /* Release */ = {
			isa = PBXBuildStyle;
			buildSettings = {
				COPY_PHASE_STRIP = NO;
			};
			name = Release;
		};
		FA9D83CAF69F47C18F6489A5 /* RelWithDebInfo */ = {
			isa = PBXBuildStyle;
			buildSettings = {
				COPY_PHASE_STRIP = NO;
			};
			name = RelWithDebInfo;
		};
/* End PBXBuildStyle section */

/* Begin PBXContainerItemProxy section */
		07729C99E19B4C96AC52B4DB /* PBXContainerItemProxy */ = {
			isa = PBXContainerItemProxy;
			containerPortal = 7CDF0109D5494EA09B8B27B5 /* Project object */;
			proxyType = 1;
			remoteGlobalIDString = CD048C6523AE4C01B381880B;
			remoteInfo = ZERO_CHECK;
		};
		08C89EE35C5F4594B5DE9597 /* PBXContainerItemProxy */ = {
			isa = PBXContainerItemProxy;
			containerPortal = 7CDF0109D5494EA09B8B27B5 /* Project object */;
			proxyType = 1;
			remoteGlobalIDString = B04DD1A4429F49E7845CEA19;
			remoteInfo = faderTests;
		};
		6473A0EA2362459C8F8287B6 /* PBXContainerItemProxy */ = {
			isa = PBXContainerItemProxy;
			containerPortal = 7CDF0109D5494EA09B8B27B5 /* Project object */;
			proxyType = 1;
			remoteGlobalIDString = B02341524F9F475C87C2DF96;
			remoteInfo = RGBColorFade;
		};
		89D0D5ACABBA4FD5BC94FBE0 /* PBXContainerItemProxy */ = {
			isa = PBXContainerItemProxy;
			containerPortal = 7CDF0109D5494EA09B8B27B5 /* Project object */;
			proxyType = 1;
			remoteGlobalIDString = CD048C6523AE4C01B381880B;
			remoteInfo = ZERO_CHECK;
		};
		BAE0C9DD81FC4E8AA02EDCBE /* PBXContainerItemProxy */ = {
			isa = PBXContainerItemProxy;
			containerPortal = 7CDF0109D5494EA09B8B27B5 /* Project object */;
			proxyType = 1;
			remoteGlobalIDString = B02341524F9F475C87C2DF96;
			remoteInfo = RGBColorFade;
		};
		E7FAE23F9E8C431083C2FDF4 /* PBXContainerItemProxy */ = {
			isa = PBXContainerItemProxy;
			containerPortal = 7CDF0109D5494EA09B8B27B5 /* Project object */;
			proxyType = 1;
			remoteGlobalIDString = CD048C6523AE4C01B381880B;
			remoteInfo = ZERO_CHECK;
		};
/* End PBXContainerItemProxy section */

/* Begin PBXFileReference section */
		1D9B562D92554BD0B88B8DE7 /* faderTests */ = {isa = PBXFileReference; explicitFileType = "compiled.mach-o.executable"; path = faderTests; sourceTree = BUILT_PRODUCTS_DIR; };
		733F2996583F4508ACE774B7 /* /common/workspaces/arduino/myLibraries/RGBColorFade/CMakeLists.txt */ = {isa = PBXFileReference; explicitFileType = sourcecode.text; fileEncoding = 4; name = CMakeLists.txt; path = CMakeLists.txt; sourceTree = SOURCE_ROOT; };
		9A266A2F01E641D486EB0B54 /* /common/workspaces/arduino/myLibraries/RGBColorFade/test/CMakeLists.txt */ = {isa = PBXFileReference; explicitFileType = sourcecode.text; fileEncoding = 4; name = CMakeLists.txt; path = test/CMakeLists.txt; sourceTree = SOURCE_ROOT; };
		C08E34C7ED244438BD702A69 /* /common/workspaces/arduino/myLibraries/RGBColorFade/test/TestColorFader.cpp */ = {isa = PBXFileReference; explicitFileType = sourcecode.cpp.cpp; fileEncoding = 4; name = TestColorFader.cpp; path = test/TestColorFader.cpp; sourceTree = SOURCE_ROOT; };
		CA250B85D1C54FB09FDF1CCD /* /common/workspaces/arduino/myLibraries/RGBColorFade/CMakeLists.txt */ = {isa = PBXFileReference; explicitFileType = sourcecode.text; fileEncoding = 4; name = CMakeLists.txt; path = CMakeLists.txt; sourceTree = SOURCE_ROOT; };
		DB66EB3894A34B2A8E114E29 /* /common/workspaces/arduino/myLibraries/RGBColorFade/src/RGBColorFader.cpp */ = {isa = PBXFileReference; explicitFileType = sourcecode.cpp.cpp; fileEncoding = 4; name = RGBColorFader.cpp; path = src/RGBColorFader.cpp; sourceTree = SOURCE_ROOT; };
		EA22C9FDA84040139262B5FE /* RGBColorFade */ = {isa = PBXFileReference; explicitFileType = archive.ar; path = libRGBColorFade.a; sourceTree = BUILT_PRODUCTS_DIR; };
		F38B5F707349456AAF7796A7 /* /common/workspaces/arduino/myLibraries/RGBColorFade/src/CMakeLists.txt */ = {isa = PBXFileReference; explicitFileType = sourcecode.text; fileEncoding = 4; name = CMakeLists.txt; path = src/CMakeLists.txt; sourceTree = SOURCE_ROOT; };
/* End PBXFileReference section */

/* Begin PBXGroup section */
		16A80E959D3E4D1985BC221E /* CMake Rules */ = {
			isa = PBXGroup;
			children = (
			);
			name = "CMake Rules";
			sourceTree = "<group>";
		};
		19A2A702D95F4B4A93CCA887 /* Source Files */ = {
			isa = PBXGroup;
			children = (
				C08E34C7ED244438BD702A69 /* /common/workspaces/arduino/myLibraries/RGBColorFade/test/TestColorFader.cpp */,
			);
			name = "Source Files";
			sourceTree = "<group>";
		};
		275E243F480F4C04925F722E /* Source Files */ = {
			isa = PBXGroup;
			children = (
				DB66EB3894A34B2A8E114E29 /* /common/workspaces/arduino/myLibraries/RGBColorFade/src/RGBColorFader.cpp */,
			);
			name = "Source Files";
			sourceTree = "<group>";
		};
		2A09238057A54C25BEA4B552 /* ALL_BUILD */ = {
			isa = PBXGroup;
			children = (
				16A80E959D3E4D1985BC221E /* CMake Rules */,
				CA250B85D1C54FB09FDF1CCD /* /common/workspaces/arduino/myLibraries/RGBColorFade/CMakeLists.txt */,
			);
			name = ALL_BUILD;
			sourceTree = "<group>";
		};
		35FFCA69B46642448E6B712F /* faderTests */ = {
			isa = PBXGroup;
			children = (
				19A2A702D95F4B4A93CCA887 /* Source Files */,
				9A266A2F01E641D486EB0B54 /* /common/workspaces/arduino/myLibraries/RGBColorFade/test/CMakeLists.txt */,
			);
			name = faderTests;
			sourceTree = "<group>";
		};
		4433E1069CCE4FC4ADE206F0 /* Resources */ = {
			isa = PBXGroup;
			children = (
			);
			name = Resources;
			sourceTree = "<group>";
		};
		464D0E3735E8421BA5C0608F /* ZERO_CHECK */ = {
			isa = PBXGroup;
			children = (
				BFA25B481B0F4CBFBA983B28 /* CMake Rules */,
				733F2996583F4508ACE774B7 /* /common/workspaces/arduino/myLibraries/RGBColorFade/CMakeLists.txt */,
			);
			name = ZERO_CHECK;
			sourceTree = "<group>";
		};
		4C923F2918CF43BFB9C74A1F /* RGBColorFade */ = {
			isa = PBXGroup;
			children = (
				275E243F480F4C04925F722E /* Source Files */,
				F38B5F707349456AAF7796A7 /* /common/workspaces/arduino/myLibraries/RGBColorFade/src/CMakeLists.txt */,
			);
			name = RGBColorFade;
			sourceTree = "<group>";
		};
		7C136203FB02476592BF5425 /* Sources */ = {
			isa = PBXGroup;
			children = (
				2A09238057A54C25BEA4B552 /* ALL_BUILD */,
				464D0E3735E8421BA5C0608F /* ZERO_CHECK */,
				4C923F2918CF43BFB9C74A1F /* RGBColorFade */,
				35FFCA69B46642448E6B712F /* faderTests */,
			);
			name = Sources;
			sourceTree = "<group>";
		};
		9CF0B1D4451D43FCB343E11A /* Products */ = {
			isa = PBXGroup;
			children = (
				EA22C9FDA84040139262B5FE /* RGBColorFade */,
				1D9B562D92554BD0B88B8DE7 /* faderTests */,
			);
			name = Products;
			sourceTree = "<group>";
		};
		BFA25B481B0F4CBFBA983B28 /* CMake Rules */ = {
			isa = PBXGroup;
			children = (
			);
			name = "CMake Rules";
			sourceTree = "<group>";
		};
		F724579F8D1F433F8DEF96F6 = {
			isa = PBXGroup;
			children = (
				7C136203FB02476592BF5425 /* Sources */,
				4433E1069CCE4FC4ADE206F0 /* Resources */,
				9CF0B1D4451D43FCB343E11A /* Products */,
			);
			sourceTree = "<group>";
		};
/* End PBXGroup section */

/* Begin PBXNativeTarget section */
		B02341524F9F475C87C2DF96 /* RGBColorFade */ = {
			isa = PBXNativeTarget;
			buildConfigurationList = 6546389646694A82B8E71936 /* Build configuration list for PBXNativeTarget "RGBColorFade" */;
			buildPhases = (
				40E0BD47294145C6A41C4569 /* Sources */,
			);
			buildRules = (
			);
			dependencies = (
				99E8235E78B24544AD0A2542 /* PBXTargetDependency */,
			);
			name = RGBColorFade;
			productName = RGBColorFade;
			productReference = EA22C9FDA84040139262B5FE /* RGBColorFade */;
			productType = "com.apple.product-type.library.static";
		};
		B04DD1A4429F49E7845CEA19 /* faderTests */ = {
			isa = PBXNativeTarget;
			buildConfigurationList = F91E596226024A8D885D9A17 /* Build configuration list for PBXNativeTarget "faderTests" */;
			buildPhases = (
				27C679D7E8124FFB8C80091A /* Sources */,
			);
			buildRules = (
			);
			dependencies = (
				2063E6BCAB3A4BBF87AA46F9 /* PBXTargetDependency */,
				1386F3C3A774439EA3C29C6B /* PBXTargetDependency */,
			);
			name = faderTests;
			productName = faderTests;
			productReference = 1D9B562D92554BD0B88B8DE7 /* faderTests */;
			productType = "com.apple.product-type.tool";
		};
/* End PBXNativeTarget section */

/* Begin PBXProject section */
		7CDF0109D5494EA09B8B27B5 /* Project object */ = {
			isa = PBXProject;
			attributes = {
				BuildIndependentTargetsInParallel = YES;
				LastUpgradeCheck = 0820;
			};
			buildConfigurationList = 4E76E3AE88104917B82228C0 /* Build configuration list for PBXProject "RGBColorFade" */;
			buildSettings = {
			};
			buildStyles = (
				17133B5288654147880EB7E2 /* Debug */,
				BEC16502D3B94E128394FA51 /* Release */,
				9D91FECFC3F7423786ED7D29 /* MinSizeRel */,
				FA9D83CAF69F47C18F6489A5 /* RelWithDebInfo */,
			);
			compatibilityVersion = "Xcode 3.2";
			hasScannedForEncodings = 0;
			mainGroup = F724579F8D1F433F8DEF96F6;
			projectDirPath = RGBColorFade;
			projectRoot = "";
			targets = (
				17AE918B851742D88404BE1C /* ALL_BUILD */,
				CD048C6523AE4C01B381880B /* ZERO_CHECK */,
				B02341524F9F475C87C2DF96 /* RGBColorFade */,
				B04DD1A4429F49E7845CEA19 /* faderTests */,
			);
		};
/* End PBXProject section */

/* Begin PBXShellScriptBuildPhase section */
		367E8A7A8E4F428590365D94 = {
			isa = PBXShellScriptBuildPhase;
			buildActionMask = 2147483647;
			files = (
			);
			inputPaths = (
			);
			outputPaths = (
			);
			runOnlyForDeploymentPostprocessing = 0;
			shellPath = /bin/sh;
			shellScript = "# shell script goes here
exit 0";
			showEnvVarsInLog = 0;
		};
		82D8E31E72724D2AAEC4039E /* CMake Rules */ = {
			isa = PBXShellScriptBuildPhase;
			buildActionMask = 2147483647;
			files = (
			);
			name = "CMake Rules";
			runOnlyForDeploymentPostprocessing = 0;
			shellPath = /bin/sh;
			shellScript = "make -C /common/workspaces/arduino/myLibraries -f /common/workspaces/arduino/myLibraries/CMakeScripts/ALL_BUILD_cmakeRulesBuildPhase.make$CONFIGURATION all";
			showEnvVarsInLog = 0;
		};
		97C979167FB44D9AB8825C13 /* CMake Rules */ = {
			isa = PBXShellScriptBuildPhase;
			buildActionMask = 2147483647;
			files = (
			);
			name = "CMake Rules";
			runOnlyForDeploymentPostprocessing = 0;
			shellPath = /bin/sh;
			shellScript = "make -C /common/workspaces/arduino/myLibraries -f /common/workspaces/arduino/myLibraries/CMakeScripts/ZERO_CHECK_cmakeRulesBuildPhase.make$CONFIGURATION all";
			showEnvVarsInLog = 0;
		};
		DBB09F564ABA4EE8B2FB402E = {
			isa = PBXShellScriptBuildPhase;
			buildActionMask = 2147483647;
			files = (
			);
			inputPaths = (
			);
			outputPaths = (
			);
			runOnlyForDeploymentPostprocessing = 0;
			shellPath = /bin/sh;
			shellScript = "# shell script goes here
exit 0";
			showEnvVarsInLog = 0;
		};
/* End PBXShellScriptBuildPhase section */

/* Begin PBXSourcesBuildPhase section */
		27C679D7E8124FFB8C80091A /* Sources */ = {
			isa = PBXSourcesBuildPhase;
			buildActionMask = 2147483647;
			files = (
				859F2C6D9F7E40838C376173 /* /common/workspaces/arduino/myLibraries/RGBColorFade/test/TestColorFader.cpp */,
			);
			runOnlyForDeploymentPostprocessing = 0;
		};
		40E0BD47294145C6A41C4569 /* Sources */ = {
			isa = PBXSourcesBuildPhase;
			buildActionMask = 2147483647;
			files = (
				8FB3F37BEB6E4BD4BC85482B /* /common/workspaces/arduino/myLibraries/RGBColorFade/src/RGBColorFader.cpp */,
			);
			runOnlyForDeploymentPostprocessing = 0;
		};
/* End PBXSourcesBuildPhase section */

/* Begin PBXTargetDependency section */
		07E8E58ECAF0419F91F7C8C9 /* PBXTargetDependency */ = {
			isa = PBXTargetDependency;
			target = B04DD1A4429F49E7845CEA19 /* faderTests */;
			targetProxy = 08C89EE35C5F4594B5DE9597 /* PBXContainerItemProxy */;
		};
		1386F3C3A774439EA3C29C6B /* PBXTargetDependency */ = {
			isa = PBXTargetDependency;
			target = B02341524F9F475C87C2DF96 /* RGBColorFade */;
			targetProxy = BAE0C9DD81FC4E8AA02EDCBE /* PBXContainerItemProxy */;
		};
		2063E6BCAB3A4BBF87AA46F9 /* PBXTargetDependency */ = {
			isa = PBXTargetDependency;
			target = CD048C6523AE4C01B381880B /* ZERO_CHECK */;
			targetProxy = 89D0D5ACABBA4FD5BC94FBE0 /* PBXContainerItemProxy */;
		};
		3D3711225F18469F8E5C270A /* PBXTargetDependency */ = {
			isa = PBXTargetDependency;
			target = CD048C6523AE4C01B381880B /* ZERO_CHECK */;
			targetProxy = 07729C99E19B4C96AC52B4DB /* PBXContainerItemProxy */;
		};
		99E8235E78B24544AD0A2542 /* PBXTargetDependency */ = {
			isa = PBXTargetDependency;
			target = CD048C6523AE4C01B381880B /* ZERO_CHECK */;
			targetProxy = E7FAE23F9E8C431083C2FDF4 /* PBXContainerItemProxy */;
		};
		F4DE0F4C8A1A47B69B9518E2 /* PBXTargetDependency */ = {
			isa = PBXTargetDependency;
			target = B02341524F9F475C87C2DF96 /* RGBColorFade */;
			targetProxy = 6473A0EA2362459C8F8287B6 /* PBXContainerItemProxy */;
		};
/* End PBXTargetDependency section */

/* Begin XCBuildConfiguration section */
		078161CB2EF14A168BC4EDED /* Release */ = {
			isa = XCBuildConfiguration;
			buildSettings = {
				COMBINE_HIDPI_IMAGES = YES;
				GCC_GENERATE_DEBUGGING_SYMBOLS = YES;
				GCC_INLINES_ARE_PRIVATE_EXTERN = NO;
				GCC_OPTIMIZATION_LEVEL = 0;
				GCC_PREPROCESSOR_DEFINITIONS = ("'CMAKE_INTDIR=\"$(CONFIGURATION)$(EFFECTIVE_PLATFORM_NAME)\"'");
				GCC_SYMBOLS_PRIVATE_EXTERN = NO;
				INSTALL_PATH = "";
				OTHER_LDFLAGS = " ";
				OTHER_REZFLAGS = "";
				PRODUCT_NAME = ZERO_CHECK;
				SECTORDER_FLAGS = "";
				SYMROOT = /common/workspaces/arduino/myLibraries;
				USE_HEADERMAP = NO;
				WARNING_CFLAGS = ("-Wmost","-Wno-four-char-constants","-Wno-unknown-pragmas","$(inherited)");
			};
			name = Release;
		};
		0E9396143DBA492AB7920302 /* MinSizeRel */ = {
			isa = XCBuildConfiguration;
			buildSettings = {
				COMBINE_HIDPI_IMAGES = YES;
				EXECUTABLE_PREFIX = lib;
				EXECUTABLE_SUFFIX = .a;
				GCC_GENERATE_DEBUGGING_SYMBOLS = NO;
				GCC_INLINES_ARE_PRIVATE_EXTERN = NO;
				GCC_OPTIMIZATION_LEVEL = s;
				GCC_PREPROCESSOR_DEFINITIONS = ("'CMAKE_INTDIR=\"$(CONFIGURATION)$(EFFECTIVE_PLATFORM_NAME)\"'");
				GCC_SYMBOLS_PRIVATE_EXTERN = NO;
				INSTALL_PATH = "";
				LIBRARY_STYLE = STATIC;
				OTHER_CPLUSPLUSFLAGS = "    -DNDEBUG  ";
				OTHER_LIBTOOLFLAGS = " ";
				OTHER_REZFLAGS = "";
				PRODUCT_NAME = RGBColorFade;
				SECTORDER_FLAGS = "";
				SYMROOT = /common/workspaces/arduino/myLibraries/src;
				USE_HEADERMAP = NO;
				WARNING_CFLAGS = ("-Wmost","-Wno-four-char-constants","-Wno-unknown-pragmas","$(inherited)");
			};
			name = MinSizeRel;
		};
		107B114EA8B04CD19AA5EB72 /* MinSizeRel */ = {
			isa = XCBuildConfiguration;
			buildSettings = {
				COMBINE_HIDPI_IMAGES = YES;
				EXECUTABLE_PREFIX = "";
				EXECUTABLE_SUFFIX = "";
				GCC_GENERATE_DEBUGGING_SYMBOLS = NO;
				GCC_INLINES_ARE_PRIVATE_EXTERN = NO;
				GCC_OPTIMIZATION_LEVEL = s;
				GCC_PREPROCESSOR_DEFINITIONS = ("'CMAKE_INTDIR=\"$(CONFIGURATION)$(EFFECTIVE_PLATFORM_NAME)\"'");
				GCC_SYMBOLS_PRIVATE_EXTERN = NO;
				HEADER_SEARCH_PATHS = (/common/workspaces/arduino/myLibraries/RGBColorFade/src);
				INSTALL_PATH = "";
				LIBRARY_SEARCH_PATHS = "";
				OTHER_CPLUSPLUSFLAGS = "    -DNDEBUG  ";
				OTHER_LDFLAGS = " -Wl,-search_paths_first -Wl,-headerpad_max_install_names  /common/workspaces/arduino/myLibraries/src/MinSizeRel/libRGBColorFade.a";
				OTHER_REZFLAGS = "";
				PRODUCT_NAME = faderTests;
				SECTORDER_FLAGS = "";
				SYMROOT = /common/workspaces/arduino/myLibraries/test;
				USE_HEADERMAP = NO;
				WARNING_CFLAGS = ("-Wmost","-Wno-four-char-constants","-Wno-unknown-pragmas","$(inherited)");
			};
			name = MinSizeRel;
		};
		53DA6C7536894EA299679433 /* Debug */ = {
			isa = XCBuildConfiguration;
			buildSettings = {
				COMBINE_HIDPI_IMAGES = YES;
				GCC_GENERATE_DEBUGGING_SYMBOLS = YES;
				GCC_INLINES_ARE_PRIVATE_EXTERN = NO;
				GCC_OPTIMIZATION_LEVEL = 0;
				GCC_PREPROCESSOR_DEFINITIONS = ("'CMAKE_INTDIR=\"$(CONFIGURATION)$(EFFECTIVE_PLATFORM_NAME)\"'");
				GCC_SYMBOLS_PRIVATE_EXTERN = NO;
				INSTALL_PATH = "";
				OTHER_LDFLAGS = " ";
				OTHER_REZFLAGS = "";
				PRODUCT_NAME = ALL_BUILD;
				SECTORDER_FLAGS = "";
				SYMROOT = /common/workspaces/arduino/myLibraries;
				USE_HEADERMAP = NO;
				WARNING_CFLAGS = ("-Wmost","-Wno-four-char-constants","-Wno-unknown-pragmas","$(inherited)");
			};
			name = Debug;
		};
		57DD32080EA54EB28C703236 /* RelWithDebInfo */ = {
			isa = XCBuildConfiguration;
			buildSettings = {
				COMBINE_HIDPI_IMAGES = YES;
				GCC_GENERATE_DEBUGGING_SYMBOLS = YES;
				GCC_INLINES_ARE_PRIVATE_EXTERN = NO;
				GCC_OPTIMIZATION_LEVEL = 0;
				GCC_PREPROCESSOR_DEFINITIONS = ("'CMAKE_INTDIR=\"$(CONFIGURATION)$(EFFECTIVE_PLATFORM_NAME)\"'");
				GCC_SYMBOLS_PRIVATE_EXTERN = NO;
				INSTALL_PATH = "";
				OTHER_LDFLAGS = " ";
				OTHER_REZFLAGS = "";
				PRODUCT_NAME = ALL_BUILD;
				SECTORDER_FLAGS = "";
				SYMROOT = /common/workspaces/arduino/myLibraries;
				USE_HEADERMAP = NO;
				WARNING_CFLAGS = ("-Wmost","-Wno-four-char-constants","-Wno-unknown-pragmas","$(inherited)");
			};
			name = RelWithDebInfo;
		};
		5A21DB22182642D7B69F76BE /* MinSizeRel */ = {
			isa = XCBuildConfiguration;
			buildSettings = {
				ONLY_ACTIVE_ARCH = YES;
				SDKROOT = /Library/Developer/CommandLineTools/SDKs/MacOSX10.12.sdk;
				SYMROOT = /common/workspaces/arduino/myLibraries/build;
			};
			name = MinSizeRel;
		};
		6EFE64AD6D374B07AEAC4BFD /* RelWithDebInfo */ = {
			isa = XCBuildConfiguration;
			buildSettings = {
				COMBINE_HIDPI_IMAGES = YES;
				EXECUTABLE_PREFIX = "";
				EXECUTABLE_SUFFIX = "";
				GCC_GENERATE_DEBUGGING_SYMBOLS = YES;
				GCC_INLINES_ARE_PRIVATE_EXTERN = NO;
				GCC_OPTIMIZATION_LEVEL = 2;
				GCC_PREPROCESSOR_DEFINITIONS = ("'CMAKE_INTDIR=\"$(CONFIGURATION)$(EFFECTIVE_PLATFORM_NAME)\"'");
				GCC_SYMBOLS_PRIVATE_EXTERN = NO;
				HEADER_SEARCH_PATHS = (/common/workspaces/arduino/myLibraries/RGBColorFade/src);
				INSTALL_PATH = "";
				LIBRARY_SEARCH_PATHS = "";
				OTHER_CPLUSPLUSFLAGS = "       -DNDEBUG  ";
				OTHER_LDFLAGS = " -Wl,-search_paths_first -Wl,-headerpad_max_install_names  /common/workspaces/arduino/myLibraries/src/RelWithDebInfo/libRGBColorFade.a";
				OTHER_REZFLAGS = "";
				PRODUCT_NAME = faderTests;
				SECTORDER_FLAGS = "";
				SYMROOT = /common/workspaces/arduino/myLibraries/test;
				USE_HEADERMAP = NO;
				WARNING_CFLAGS = ("-Wmost","-Wno-four-char-constants","-Wno-unknown-pragmas","$(inherited)");
			};
			name = RelWithDebInfo;
		};
		9F8DF875003D4E7BA82A37B6 /* Release */ = {
			isa = XCBuildConfiguration;
			buildSettings = {
				ONLY_ACTIVE_ARCH = YES;
				SDKROOT = /Library/Developer/CommandLineTools/SDKs/MacOSX10.12.sdk;
				SYMROOT = /common/workspaces/arduino/myLibraries/build;
			};
			name = Release;
		};
		AEE143547C5D43C4A110EFDA /* RelWithDebInfo */ = {
			isa = XCBuildConfiguration;
			buildSettings = {
				ONLY_ACTIVE_ARCH = YES;
				SDKROOT = /Library/Developer/CommandLineTools/SDKs/MacOSX10.12.sdk;
				SYMROOT = /common/workspaces/arduino/myLibraries/build;
			};
			name = RelWithDebInfo;
		};
		B0E3A3FDD0234B84A99939C2 /* RelWithDebInfo */ = {
			isa = XCBuildConfiguration;
			buildSettings = {
				COMBINE_HIDPI_IMAGES = YES;
				EXECUTABLE_PREFIX = lib;
				EXECUTABLE_SUFFIX = .a;
				GCC_GENERATE_DEBUGGING_SYMBOLS = YES;
				GCC_INLINES_ARE_PRIVATE_EXTERN = NO;
				GCC_OPTIMIZATION_LEVEL = 2;
				GCC_PREPROCESSOR_DEFINITIONS = ("'CMAKE_INTDIR=\"$(CONFIGURATION)$(EFFECTIVE_PLATFORM_NAME)\"'");
				GCC_SYMBOLS_PRIVATE_EXTERN = NO;
				INSTALL_PATH = "";
				LIBRARY_STYLE = STATIC;
				OTHER_CPLUSPLUSFLAGS = "       -DNDEBUG  ";
				OTHER_LIBTOOLFLAGS = " ";
				OTHER_REZFLAGS = "";
				PRODUCT_NAME = RGBColorFade;
				SECTORDER_FLAGS = "";
				SYMROOT = /common/workspaces/arduino/myLibraries/src;
				USE_HEADERMAP = NO;
				WARNING_CFLAGS = ("-Wmost","-Wno-four-char-constants","-Wno-unknown-pragmas","$(inherited)");
			};
			name = RelWithDebInfo;
		};
		C402B200195144EFA38BCF62 /* Debug */ = {
			isa = XCBuildConfiguration;
			buildSettings = {
				ONLY_ACTIVE_ARCH = YES;
				SDKROOT = /Library/Developer/CommandLineTools/SDKs/MacOSX10.12.sdk;
				SYMROOT = /common/workspaces/arduino/myLibraries/build;
			};
			name = Debug;
		};
		C4204DE9CBEB40C486CC683C /* Debug */ = {
			isa = XCBuildConfiguration;
			buildSettings = {
				COMBINE_HIDPI_IMAGES = YES;
				GCC_GENERATE_DEBUGGING_SYMBOLS = YES;
				GCC_INLINES_ARE_PRIVATE_EXTERN = NO;
				GCC_OPTIMIZATION_LEVEL = 0;
				GCC_PREPROCESSOR_DEFINITIONS = ("'CMAKE_INTDIR=\"$(CONFIGURATION)$(EFFECTIVE_PLATFORM_NAME)\"'");
				GCC_SYMBOLS_PRIVATE_EXTERN = NO;
				INSTALL_PATH = "";
				OTHER_LDFLAGS = " ";
				OTHER_REZFLAGS = "";
				PRODUCT_NAME = ZERO_CHECK;
				SECTORDER_FLAGS = "";
				SYMROOT = /common/workspaces/arduino/myLibraries;
				USE_HEADERMAP = NO;
				WARNING_CFLAGS = ("-Wmost","-Wno-four-char-constants","-Wno-unknown-pragmas","$(inherited)");
			};
			name = Debug;
		};
		C7CCFDB83616419EBE80B97D /* MinSizeRel */ = {
			isa = XCBuildConfiguration;
			buildSettings = {
				COMBINE_HIDPI_IMAGES = YES;
				GCC_GENERATE_DEBUGGING_SYMBOLS = YES;
				GCC_INLINES_ARE_PRIVATE_EXTERN = NO;
				GCC_OPTIMIZATION_LEVEL = 0;
				GCC_PREPROCESSOR_DEFINITIONS = ("'CMAKE_INTDIR=\"$(CONFIGURATION)$(EFFECTIVE_PLATFORM_NAME)\"'");
				GCC_SYMBOLS_PRIVATE_EXTERN = NO;
				INSTALL_PATH = "";
				OTHER_LDFLAGS = " ";
				OTHER_REZFLAGS = "";
				PRODUCT_NAME = ALL_BUILD;
				SECTORDER_FLAGS = "";
				SYMROOT = /common/workspaces/arduino/myLibraries;
				USE_HEADERMAP = NO;
				WARNING_CFLAGS = ("-Wmost","-Wno-four-char-constants","-Wno-unknown-pragmas","$(inherited)");
			};
			name = MinSizeRel;
		};
		CC1154BF554A4D559A21F9EA /* Release */ = {
			isa = XCBuildConfiguration;
			buildSettings = {
				COMBINE_HIDPI_IMAGES = YES;
				EXECUTABLE_PREFIX = "";
				EXECUTABLE_SUFFIX = "";
				GCC_GENERATE_DEBUGGING_SYMBOLS = NO;
				GCC_INLINES_ARE_PRIVATE_EXTERN = NO;
				GCC_OPTIMIZATION_LEVEL = 3;
				GCC_PREPROCESSOR_DEFINITIONS = ("'CMAKE_INTDIR=\"$(CONFIGURATION)$(EFFECTIVE_PLATFORM_NAME)\"'");
				GCC_SYMBOLS_PRIVATE_EXTERN = NO;
				HEADER_SEARCH_PATHS = (/common/workspaces/arduino/myLibraries/RGBColorFade/src);
				INSTALL_PATH = "";
				LIBRARY_SEARCH_PATHS = "";
				OTHER_CPLUSPLUSFLAGS = "    -DNDEBUG  ";
				OTHER_LDFLAGS = " -Wl,-search_paths_first -Wl,-headerpad_max_install_names  /common/workspaces/arduino/myLibraries/src/Release/libRGBColorFade.a";
				OTHER_REZFLAGS = "";
				PRODUCT_NAME = faderTests;
				SECTORDER_FLAGS = "";
				SYMROOT = /common/workspaces/arduino/myLibraries/test;
				USE_HEADERMAP = NO;
				WARNING_CFLAGS = ("-Wmost","-Wno-four-char-constants","-Wno-unknown-pragmas","$(inherited)");
			};
			name = Release;
		};
		D0ED650606014F6A9C3770FE /* RelWithDebInfo */ = {
			isa = XCBuildConfiguration;
			buildSettings = {
				COMBINE_HIDPI_IMAGES = YES;
				GCC_GENERATE_DEBUGGING_SYMBOLS = YES;
				GCC_INLINES_ARE_PRIVATE_EXTERN = NO;
				GCC_OPTIMIZATION_LEVEL = 0;
				GCC_PREPROCESSOR_DEFINITIONS = ("'CMAKE_INTDIR=\"$(CONFIGURATION)$(EFFECTIVE_PLATFORM_NAME)\"'");
				GCC_SYMBOLS_PRIVATE_EXTERN = NO;
				INSTALL_PATH = "";
				OTHER_LDFLAGS = " ";
				OTHER_REZFLAGS = "";
				PRODUCT_NAME = ZERO_CHECK;
				SECTORDER_FLAGS = "";
				SYMROOT = /common/workspaces/arduino/myLibraries;
				USE_HEADERMAP = NO;
				WARNING_CFLAGS = ("-Wmost","-Wno-four-char-constants","-Wno-unknown-pragmas","$(inherited)");
			};
			name = RelWithDebInfo;
		};
		D778893E27234F8B83D0639C /* Release */ = {
			isa = XCBuildConfiguration;
			buildSettings = {
				COMBINE_HIDPI_IMAGES = YES;
				GCC_GENERATE_DEBUGGING_SYMBOLS = YES;
				GCC_INLINES_ARE_PRIVATE_EXTERN = NO;
				GCC_OPTIMIZATION_LEVEL = 0;
				GCC_PREPROCESSOR_DEFINITIONS = ("'CMAKE_INTDIR=\"$(CONFIGURATION)$(EFFECTIVE_PLATFORM_NAME)\"'");
				GCC_SYMBOLS_PRIVATE_EXTERN = NO;
				INSTALL_PATH = "";
				OTHER_LDFLAGS = " ";
				OTHER_REZFLAGS = "";
				PRODUCT_NAME = ALL_BUILD;
				SECTORDER_FLAGS = "";
				SYMROOT = /common/workspaces/arduino/myLibraries;
				USE_HEADERMAP = NO;
				WARNING_CFLAGS = ("-Wmost","-Wno-four-char-constants","-Wno-unknown-pragmas","$(inherited)");
			};
			name = Release;
		};
		E6601E332EC74E899C6FFC7B /* Debug */ = {
			isa = XCBuildConfiguration;
			buildSettings = {
				COMBINE_HIDPI_IMAGES = YES;
				EXECUTABLE_PREFIX = "";
				EXECUTABLE_SUFFIX = "";
				GCC_GENERATE_DEBUGGING_SYMBOLS = YES;
				GCC_INLINES_ARE_PRIVATE_EXTERN = NO;
				GCC_OPTIMIZATION_LEVEL = 0;
				GCC_PREPROCESSOR_DEFINITIONS = ("'CMAKE_INTDIR=\"$(CONFIGURATION)$(EFFECTIVE_PLATFORM_NAME)\"'");
				GCC_SYMBOLS_PRIVATE_EXTERN = NO;
				HEADER_SEARCH_PATHS = (/common/workspaces/arduino/myLibraries/RGBColorFade/src);
				INSTALL_PATH = "";
				LIBRARY_SEARCH_PATHS = "";
				OTHER_CPLUSPLUSFLAGS = "    ";
				OTHER_LDFLAGS = " -Wl,-search_paths_first -Wl,-headerpad_max_install_names  /common/workspaces/arduino/myLibraries/src/Debug/libRGBColorFade.a";
				OTHER_REZFLAGS = "";
				PRODUCT_NAME = faderTests;
				SECTORDER_FLAGS = "";
				SYMROOT = /common/workspaces/arduino/myLibraries/test;
				USE_HEADERMAP = NO;
				WARNING_CFLAGS = ("-Wmost","-Wno-four-char-constants","-Wno-unknown-pragmas","$(inherited)");
			};
			name = Debug;
		};
		E8F74183943045579D94B330 /* Release */ = {
			isa = XCBuildConfiguration;
			buildSettings = {
				COMBINE_HIDPI_IMAGES = YES;
				EXECUTABLE_PREFIX = lib;
				EXECUTABLE_SUFFIX = .a;
				GCC_GENERATE_DEBUGGING_SYMBOLS = NO;
				GCC_INLINES_ARE_PRIVATE_EXTERN = NO;
				GCC_OPTIMIZATION_LEVEL = 3;
				GCC_PREPROCESSOR_DEFINITIONS = ("'CMAKE_INTDIR=\"$(CONFIGURATION)$(EFFECTIVE_PLATFORM_NAME)\"'");
				GCC_SYMBOLS_PRIVATE_EXTERN = NO;
				INSTALL_PATH = "";
				LIBRARY_STYLE = STATIC;
				OTHER_CPLUSPLUSFLAGS = "    -DNDEBUG  ";
				OTHER_LIBTOOLFLAGS = " ";
				OTHER_REZFLAGS = "";
				PRODUCT_NAME = RGBColorFade;
				SECTORDER_FLAGS = "";
				SYMROOT = /common/workspaces/arduino/myLibraries/src;
				USE_HEADERMAP = NO;
				WARNING_CFLAGS = ("-Wmost","-Wno-four-char-constants","-Wno-unknown-pragmas","$(inherited)");
			};
			name = Release;
		};
		F05C1CB7471A41EE8557E043 /* Debug */ = {
			isa = XCBuildConfiguration;
			buildSettings = {
				COMBINE_HIDPI_IMAGES = YES;
				EXECUTABLE_PREFIX = lib;
				EXECUTABLE_SUFFIX = .a;
				GCC_GENERATE_DEBUGGING_SYMBOLS = YES;
				GCC_INLINES_ARE_PRIVATE_EXTERN = NO;
				GCC_OPTIMIZATION_LEVEL = 0;
				GCC_PREPROCESSOR_DEFINITIONS = ("'CMAKE_INTDIR=\"$(CONFIGURATION)$(EFFECTIVE_PLATFORM_NAME)\"'");
				GCC_SYMBOLS_PRIVATE_EXTERN = NO;
				INSTALL_PATH = "";
				LIBRARY_STYLE = STATIC;
				OTHER_CPLUSPLUSFLAGS = "    ";
				OTHER_LIBTOOLFLAGS = " ";
				OTHER_REZFLAGS = "";
				PRODUCT_NAME = RGBColorFade;
				SECTORDER_FLAGS = "";
				SYMROOT = /common/workspaces/arduino/myLibraries/src;
				USE_HEADERMAP = NO;
				WARNING_CFLAGS = ("-Wmost","-Wno-four-char-constants","-Wno-unknown-pragmas","$(inherited)");
			};
			name = Debug;
		};
		F3ED4A0D4334497E99705690 /* MinSizeRel */ = {
			isa = XCBuildConfiguration;
			buildSettings = {
				COMBINE_HIDPI_IMAGES = YES;
				GCC_GENERATE_DEBUGGING_SYMBOLS = YES;
				GCC_INLINES_ARE_PRIVATE_EXTERN = NO;
				GCC_OPTIMIZATION_LEVEL = 0;
				GCC_PREPROCESSOR_DEFINITIONS = ("'CMAKE_INTDIR=\"$(CONFIGURATION)$(EFFECTIVE_PLATFORM_NAME)\"'");
				GCC_SYMBOLS_PRIVATE_EXTERN = NO;
				INSTALL_PATH = "";
				OTHER_LDFLAGS = " ";
				OTHER_REZFLAGS = "";
				PRODUCT_NAME = ZERO_CHECK;
				SECTORDER_FLAGS = "";
				SYMROOT = /common/workspaces/arduino/myLibraries;
				USE_HEADERMAP = NO;
				WARNING_CFLAGS = ("-Wmost","-Wno-four-char-constants","-Wno-unknown-pragmas","$(inherited)");
			};
			name = MinSizeRel;
		};
/* End XCBuildConfiguration section */

/* Begin XCConfigurationList section */
		29BA4B52D3994D77BA3DC066 /* Build configuration list for PBXAggregateTarget "ALL_BUILD" */ = {
			isa = XCConfigurationList;
			buildConfigurations = (
				53DA6C7536894EA299679433 /* Debug */,
				D778893E27234F8B83D0639C /* Release */,
				C7CCFDB83616419EBE80B97D /* MinSizeRel */,
				57DD32080EA54EB28C703236 /* RelWithDebInfo */,
			);
			defaultConfigurationIsVisible = 0;
			defaultConfigurationName = Debug;
		};
		4E76E3AE88104917B82228C0 /* Build configuration list for PBXProject "RGBColorFade" */ = {
			isa = XCConfigurationList;
			buildConfigurations = (
				C402B200195144EFA38BCF62 /* Debug */,
				9F8DF875003D4E7BA82A37B6 /* Release */,
				5A21DB22182642D7B69F76BE /* MinSizeRel */,
				AEE143547C5D43C4A110EFDA /* RelWithDebInfo */,
			);
			defaultConfigurationIsVisible = 0;
			defaultConfigurationName = Debug;
		};
		6546389646694A82B8E71936 /* Build configuration list for PBXNativeTarget "RGBColorFade" */ = {
			isa = XCConfigurationList;
			buildConfigurations = (
				F05C1CB7471A41EE8557E043 /* Debug */,
				E8F74183943045579D94B330 /* Release */,
				0E9396143DBA492AB7920302 /* MinSizeRel */,
				B0E3A3FDD0234B84A99939C2 /* RelWithDebInfo */,
			);
			defaultConfigurationIsVisible = 0;
			defaultConfigurationName = Debug;
		};
		D71550FB26D3448CAD8DAE26 /* Build configuration list for PBXAggregateTarget "ZERO_CHECK" */ = {
			isa = XCConfigurationList;
			buildConfigurations = (
				C4204DE9CBEB40C486CC683C /* Debug */,
				078161CB2EF14A168BC4EDED /* Release */,
				F3ED4A0D4334497E99705690 /* MinSizeRel */,
				D0ED650606014F6A9C3770FE /* RelWithDebInfo */,
			);
			defaultConfigurationIsVisible = 0;
			defaultConfigurationName = Debug;
		};
		F91E596226024A8D885D9A17 /* Build configuration list for PBXNativeTarget "faderTests" */ = {
			isa = XCConfigurationList;
			buildConfigurations = (
				E6601E332EC74E899C6FFC7B /* Debug */,
				CC1154BF554A4D559A21F9EA /* Release */,
				107B114EA8B04CD19AA5EB72 /* MinSizeRel */,
				6EFE64AD6D374B07AEAC4BFD /* RelWithDebInfo */,
			);
			defaultConfigurationIsVisible = 0;
			defaultConfigurationName = Debug;
		};
/* End XCConfigurationList section */
	};
	rootObject = 7CDF0109D5494EA09B8B27B5 /* Project object */;
}
